
Microsoft Visual Studio Solution File, Format Version 12.00
# Visual Studio Version 16
VisualStudioVersion = 16.0.29920.165
MinimumVisualStudioVersion = 10.0.40219.1
Project("{FAE04EC0-301F-11D3-BF4B-00C04F79EFBC}") = "p0_types", "p0_types\p0_types.csproj", "{90A545A8-ACD5-47F1-B800-2F119DB88C85}"
EndProject
Project("{FAE04EC0-301F-11D3-BF4B-00C04F79EFBC}") = "p1_InputLetters", "p1_InputLetters\p1_InputLetters.csproj", "{49CE4631-7E78-4567-9B13-BD05FB946877}"
EndProject
Project("{FAE04EC0-301F-11D3-BF4B-00C04F79EFBC}") = "p2_Password", "p2_Password\p2_Password.csproj", "{4CA1D99F-4A66-4670-8FF0-EFC9E670BC44}"
EndProject
Project("{FAE04EC0-301F-11D3-BF4B-00C04F79EFBC}") = "p3_Enumerados", "p3_Enumerados\p3_Enumerados.csproj", "{73000468-B344-4E55-BC39-3006D78698F7}"
EndProject
Project("{FAE04EC0-301F-11D3-BF4B-00C04F79EFBC}") = "p4_Bin", "p4_Bin\p4_Bin.csproj", "{03416C3B-02C7-4BC8-9AA8-2FE45B6220E2}"
EndProject
Global
	GlobalSection(SolutionConfigurationPlatforms) = preSolution
		Debug|Any CPU = Debug|Any CPU
		Release|Any CPU = Release|Any CPU
	EndGlobalSection
	GlobalSection(ProjectConfigurationPlatforms) = postSolution
		{90A545A8-ACD5-47F1-B800-2F119DB88C85}.Debug|Any CPU.ActiveCfg = Debug|Any CPU
		{90A545A8-ACD5-47F1-B800-2F119DB88C85}.Debug|Any CPU.Build.0 = Debug|Any CPU
		{90A545A8-ACD5-47F1-B800-2F119DB88C85}.Release|Any CPU.ActiveCfg = Release|Any CPU
		{90A545A8-ACD5-47F1-B800-2F119DB88C85}.Release|Any CPU.Build.0 = Release|Any CPU
		{49CE4631-7E78-4567-9B13-BD05FB946877}.Debug|Any CPU.ActiveCfg = Debug|Any CPU
		{49CE4631-7E78-4567-9B13-BD05FB946877}.Debug|Any CPU.Build.0 = Debug|Any CPU
		{49CE4631-7E78-4567-9B13-BD05FB946877}.Release|Any CPU.ActiveCfg = Release|Any CPU
		{49CE4631-7E78-4567-9B13-BD05FB946877}.Release|Any CPU.Build.0 = Release|Any CPU
		{4CA1D99F-4A66-4670-8FF0-EFC9E670BC44}.Debug|Any CPU.ActiveCfg = Debug|Any CPU
		{4CA1D99F-4A66-4670-8FF0-EFC9E670BC44}.Debug|Any CPU.Build.0 = Debug|Any CPU
		{4CA1D99F-4A66-4670-8FF0-EFC9E670BC44}.Release|Any CPU.ActiveCfg = Release|Any CPU
		{4CA1D99F-4A66-4670-8FF0-EFC9E670BC44}.Release|Any CPU.Build.0 = Release|Any CPU
		{73000468-B344-4E55-BC39-3006D78698F7}.Debug|Any CPU.ActiveCfg = Debug|Any CPU
		{73000468-B344-4E55-BC39-3006D78698F7}.Debug|Any CPU.Build.0 = Debug|Any CPU
		{73000468-B344-4E55-BC39-3006D78698F7}.Release|Any CPU.ActiveCfg = Release|Any CPU
		{73000468-B344-4E55-BC39-3006D78698F7}.Release|Any CPU.Build.0 = Release|Any CPU
		{03416C3B-02C7-4BC8-9AA8-2FE45B6220E2}.Debug|Any CPU.ActiveCfg = Debug|Any CPU
		{03416C3B-02C7-4BC8-9AA8-2FE45B6220E2}.Debug|Any CPU.Build.0 = Debug|Any CPU
		{03416C3B-02C7-4BC8-9AA8-2FE45B6220E2}.Release|Any CPU.ActiveCfg = Release|Any CPU
		{03416C3B-02C7-4BC8-9AA8-2FE45B6220E2}.Release|Any CPU.Build.0 = Release|Any CPU
	EndGlobalSection
	GlobalSection(SolutionProperties) = preSolution
		HideSolutionNode = FALSE
	EndGlobalSection
	GlobalSection(ExtensibilityGlobals) = postSolution
		SolutionGuid = {3C0DEC44-C021-40D4-9F1A-DD3F242395DC}
	EndGlobalSection
EndGlobal
